# This file is autogenerated, do not edit; changes may be undone by the next 'dep ensure'.


[[projects]]
  branch = "master"
  name = "github.com/StefanSchroeder/Golang-Ellipsoid"
  packages = ["ellipsoid"]
  revision = "9c78ae89daebf3f84d174ade145ef3bf18b0a1f8"

[[projects]]
  name = "github.com/Unknwon/com"
  packages = ["."]
  revision = "28b053d5a2923b87ce8c5a08f3af779894a72758"
  version = "v1"

[[projects]]
  name = "github.com/davecgh/go-spew"
  packages = ["spew"]
  revision = "346938d642f2ec3594ed81d874461961cd0faa76"
  version = "v1.1.0"

[[projects]]
  branch = "master"
  name = "github.com/drichelson/libusb"
  packages = ["."]
  revision = "8ad0351e841fafc0ee43cd12e5957d59e10692aa"

[[projects]]
  branch = "master"
  name = "github.com/go-macaron/inject"
  packages = ["."]
  revision = "d8a0b8677191f4380287cfebd08e462217bac7ad"

[[projects]]
  branch = "master"
  name = "github.com/golang/geo"
  packages = [
    "r1",
    "r2",
    "r3",
    "s1",
    "s2"
  ]
  revision = "e41ca803f92c4c1770133cfa5b4fc8249a7dbe82"

[[projects]]
  branch = "master"
  name = "github.com/launchdarkly/go-metrics"
  packages = ["."]
  revision = "eaf6f21d2060d08672d5a81689ac78134c871cdf"

[[projects]]
  name = "github.com/lucasb-eyer/go-colorful"
  packages = ["."]
  revision = "345fbb3dbcdb252d9985ee899a84963c0fa24c82"
  version = "v1.0"

[[projects]]
  branch = "master"
  name = "github.com/ojrac/opensimplex-go"
  packages = ["."]
  revision = "c0d2b8b324684d1e69e72eaf01f69ff700e3396a"

[[projects]]
  branch = "master"
  name = "github.com/paulmach/orb"
  packages = [
    ".",
    "geojson"
  ]
  revision = "40186a72e24c33c495ac9da7390b1a1e69670b40"

[[projects]]
  name = "github.com/pmezard/go-difflib"
  packages = ["difflib"]
  revision = "792786c7400a136282c1664665ae0a8db921c6c2"
  version = "v1.0.0"

[[projects]]
  name = "github.com/stretchr/testify"
  packages = ["assert"]
  revision = "12b6f73e6084dad08a7c6e575284b177ecafbc71"
  version = "v1.2.1"

[[projects]]
  branch = "master"
  name = "golang.org/x/crypto"
  packages = ["pbkdf2"]
  revision = "ab813273cd59e1333f7ae7bff5d027d4aadf528c"

[[projects]]
  name = "gopkg.in/ini.v1"
  packages = ["."]
  revision = "06f5f3d67269ccec1fe5fe4134ba6e982984f7f5"
  version = "v1.37.0"

[[projects]]
  name = "gopkg.in/macaron.v1"
  packages = ["."]
  revision = "c1be95e6d21e769e44e1ec33cec9da5837861c10"
  version = "v1.3.1"

[solve-meta]
  analyzer-name = "dep"
  analyzer-version = 1
  inputs-digest = "0d5731fcababcceb6de7665ace8583acf78ed73fc77d9c2adc5dca381b31fc53"
  solver-name = "gps-cdcl"
  solver-version = 1
